
Microsoft Visual Studio Solution File, Format Version 12.00
# Visual Studio Version 16
VisualStudioVersion = 16.0.29920.165
MinimumVisualStudioVersion = 10.0.40219.1
Project("{FAE04EC0-301F-11D3-BF4B-00C04F79EFBC}") = "EbloSynth", "EbloSynth\EbloSynth.csproj", "{2479475C-4BCA-4A4C-AF7F-7E347A3671D6}"
EndProject
Global
	GlobalSection(SolutionConfigurationPlatforms) = preSolution
		Debug|Any CPU = Debug|Any CPU
		Release|Any CPU = Release|Any CPU
	EndGlobalSection
	GlobalSection(ProjectConfigurationPlatforms) = postSolution
		{2479475C-4BCA-4A4C-AF7F-7E347A3671D6}.Debug|Any CPU.ActiveCfg = Debug|Any CPU
		{2479475C-4BCA-4A4C-AF7F-7E347A3671D6}.Debug|Any CPU.Build.0 = Debug|Any CPU
		{2479475C-4BCA-4A4C-AF7F-7E347A3671D6}.Release|Any CPU.ActiveCfg = Release|Any CPU
		{2479475C-4BCA-4A4C-AF7F-7E347A3671D6}.Release|Any CPU.Build.0 = Release|Any CPU
	EndGlobalSection
	GlobalSection(SolutionProperties) = preSolution
		HideSolutionNode = FALSE
	EndGlobalSection
	GlobalSection(ExtensibilityGlobals) = postSolution
		SolutionGuid = {AFA21122-397F-4279-85D4-DA3D91D91AA1}
	EndGlobalSection
EndGlobal
